
Microsoft Visual Studio Solution File, Format Version 12.00
# Visual Studio Version 17
VisualStudioVersion = 17.14.36518.9 d17.14
MinimumVisualStudioVersion = 10.0.40219.1
Project("{FAE04EC0-301F-11D3-BF4B-00C04F79EFBC}") = "actividad2", "actividad2\actividad2.csproj", "{9FC4065D-92A1-4EC7-B31A-1A914156359E}"
EndProject
Global
	GlobalSection(SolutionConfigurationPlatforms) = preSolution
		Debug|Any CPU = Debug|Any CPU
		Release|Any CPU = Release|Any CPU
	EndGlobalSection
	GlobalSection(ProjectConfigurationPlatforms) = postSolution
		{9FC4065D-92A1-4EC7-B31A-1A914156359E}.Debug|Any CPU.ActiveCfg = Debug|Any CPU
		{9FC4065D-92A1-4EC7-B31A-1A914156359E}.Debug|Any CPU.Build.0 = Debug|Any CPU
		{9FC4065D-92A1-4EC7-B31A-1A914156359E}.Release|Any CPU.ActiveCfg = Release|Any CPU
		{9FC4065D-92A1-4EC7-B31A-1A914156359E}.Release|Any CPU.Build.0 = Release|Any CPU
	EndGlobalSection
	GlobalSection(SolutionProperties) = preSolution
		HideSolutionNode = FALSE
	EndGlobalSection
	GlobalSection(ExtensibilityGlobals) = postSolution
		SolutionGuid = {4607C216-A1F4-4EF5-A328-5083868ADFA7}
	EndGlobalSection
EndGlobal
